// !$*UTF8*$!
{
	archiveVersion = 1;
	classes = {
	};
	objectVersion = 56;
	objects = {

/* Begin PBXBuildFile section */
		7853FD182C3D324C00956529 /* App587App.swift in Sources */ = {isa = PBXBuildFile; fileRef = 7853FD172C3D324C00956529 /* App587App.swift */; };
		7853FD1A2C3D324C00956529 /* ContentView.swift in Sources */ = {isa = PBXBuildFile; fileRef = 7853FD192C3D324C00956529 /* ContentView.swift */; };
		7853FD1C2C3D324D00956529 /* Assets.xcassets in Resources */ = {isa = PBXBuildFile; fileRef = 7853FD1B2C3D324D00956529 /* Assets.xcassets */; };
		7853FD202C3D324D00956529 /* Preview Assets.xcassets in Resources */ = {isa = PBXBuildFile; fileRef = 7853FD1F2C3D324D00956529 /* Preview Assets.xcassets */; };
		7853FD312C3D35E200956529 /* TabBar.swift in Sources */ = {isa = PBXBuildFile; fileRef = 7853FD302C3D35E200956529 /* TabBar.swift */; };
		7853FD332C3D35E900956529 /* LoadingView.swift in Sources */ = {isa = PBXBuildFile; fileRef = 7853FD322C3D35E900956529 /* LoadingView.swift */; };
		7853FD352C3D35F200956529 /* R1.swift in Sources */ = {isa = PBXBuildFile; fileRef = 7853FD342C3D35F200956529 /* R1.swift */; };
		7853FD372C3D35F700956529 /* R2.swift in Sources */ = {isa = PBXBuildFile; fileRef = 7853FD362C3D35F700956529 /* R2.swift */; };
		7853FD392C3D35FC00956529 /* R3.swift in Sources */ = {isa = PBXBuildFile; fileRef = 7853FD382C3D35FC00956529 /* R3.swift */; };
		7853FD3B2C3D360100956529 /* U1.swift in Sources */ = {isa = PBXBuildFile; fileRef = 7853FD3A2C3D360100956529 /* U1.swift */; };
		7853FD3D2C3D360600956529 /* Reviews.swift in Sources */ = {isa = PBXBuildFile; fileRef = 7853FD3C2C3D360600956529 /* Reviews.swift */; };
		7853FD3F2C3D360B00956529 /* Not.swift in Sources */ = {isa = PBXBuildFile; fileRef = 7853FD3E2C3D360B00956529 /* Not.swift */; };
		7853FD412C3D361100956529 /* Launch Screen.storyboard in Resources */ = {isa = PBXBuildFile; fileRef = 7853FD402C3D361100956529 /* Launch Screen.storyboard */; };
		7853FD432C3D361A00956529 /* CoreDataStack.swift in Sources */ = {isa = PBXBuildFile; fileRef = 7853FD422C3D361A00956529 /* CoreDataStack.swift */; };
		7853FD452C3D362000956529 /* Array.swift in Sources */ = {isa = PBXBuildFile; fileRef = 7853FD442C3D362000956529 /* Array.swift */; };
		7853FD482C3D362A00956529 /* CoreModel.xcdatamodeld in Sources */ = {isa = PBXBuildFile; fileRef = 7853FD462C3D362A00956529 /* CoreModel.xcdatamodeld */; };
		7853FD4E2C3D36B900956529 /* AchievementsView.swift in Sources */ = {isa = PBXBuildFile; fileRef = 7853FD4D2C3D36B900956529 /* AchievementsView.swift */; };
		7853FD502C3D36C500956529 /* CompetitionsView.swift in Sources */ = {isa = PBXBuildFile; fileRef = 7853FD4F2C3D36C500956529 /* CompetitionsView.swift */; };
		7853FD522C3D36DE00956529 /* ParticipantsView.swift in Sources */ = {isa = PBXBuildFile; fileRef = 7853FD512C3D36DE00956529 /* ParticipantsView.swift */; };
		7853FD542C3D36EF00956529 /* SettingsView.swift in Sources */ = {isa = PBXBuildFile; fileRef = 7853FD532C3D36EF00956529 /* SettingsView.swift */; };
		7853FD562C3D848900956529 /* AchievementsViewModel.swift in Sources */ = {isa = PBXBuildFile; fileRef = 7853FD552C3D848900956529 /* AchievementsViewModel.swift */; };
		7853FD592C3D884000956529 /* AddAchievent.swift in Sources */ = {isa = PBXBuildFile; fileRef = 7853FD582C3D884000956529 /* AddAchievent.swift */; };
		7853FD5B2C3D8F0700956529 /* CompetitionsViewModel.swift in Sources */ = {isa = PBXBuildFile; fileRef = 7853FD5A2C3D8F0700956529 /* CompetitionsViewModel.swift */; };
		7853FD5F2C3D922E00956529 /* AddComp.swift in Sources */ = {isa = PBXBuildFile; fileRef = 7853FD5E2C3D922E00956529 /* AddComp.swift */; };
		7853FD632C3D9BC300956529 /* DateConvert.swift in Sources */ = {isa = PBXBuildFile; fileRef = 7853FD622C3D9BC300956529 /* DateConvert.swift */; };
		7853FD652C3D9DAA00956529 /* ParticipantsViewModel.swift in Sources */ = {isa = PBXBuildFile; fileRef = 7853FD642C3D9DAA00956529 /* ParticipantsViewModel.swift */; };
		7853FD682C3D9F5800956529 /* AddPart.swift in Sources */ = {isa = PBXBuildFile; fileRef = 7853FD672C3D9F5800956529 /* AddPart.swift */; };
/* End PBXBuildFile section */

/* Begin PBXFileReference section */
		7853FD142C3D324C00956529 /* App587.app */ = {isa = PBXFileReference; explicitFileType = wrapper.application; includeInIndex = 0; path = App587.app; sourceTree = BUILT_PRODUCTS_DIR; };
		7853FD172C3D324C00956529 /* App587App.swift */ = {isa = PBXFileReference; lastKnownFileType = sourcecode.swift; path = App587App.swift; sourceTree = "<group>"; };
		7853FD192C3D324C00956529 /* ContentView.swift */ = {isa = PBXFileReference; lastKnownFileType = sourcecode.swift; path = ContentView.swift; sourceTree = "<group>"; };
		7853FD1B2C3D324D00956529 /* Assets.xcassets */ = {isa = PBXFileReference; lastKnownFileType = folder.assetcatalog; path = Assets.xcassets; sourceTree = "<group>"; };
		7853FD1D2C3D324D00956529 /* App587.entitlements */ = {isa = PBXFileReference; lastKnownFileType = text.plist.entitlements; path = App587.entitlements; sourceTree = "<group>"; };
		7853FD1F2C3D324D00956529 /* Preview Assets.xcassets */ = {isa = PBXFileReference; lastKnownFileType = folder.assetcatalog; path = "Preview Assets.xcassets"; sourceTree = "<group>"; };
		7853FD302C3D35E200956529 /* TabBar.swift */ = {isa = PBXFileReference; lastKnownFileType = sourcecode.swift; path = TabBar.swift; sourceTree = "<group>"; };
		7853FD322C3D35E900956529 /* LoadingView.swift */ = {isa = PBXFileReference; lastKnownFileType = sourcecode.swift; path = LoadingView.swift; sourceTree = "<group>"; };
		7853FD342C3D35F200956529 /* R1.swift */ = {isa = PBXFileReference; lastKnownFileType = sourcecode.swift; path = R1.swift; sourceTree = "<group>"; };
		7853FD362C3D35F700956529 /* R2.swift */ = {isa = PBXFileReference; lastKnownFileType = sourcecode.swift; path = R2.swift; sourceTree = "<group>"; };
		7853FD382C3D35FC00956529 /* R3.swift */ = {isa = PBXFileReference; lastKnownFileType = sourcecode.swift; path = R3.swift; sourceTree = "<group>"; };
		7853FD3A2C3D360100956529 /* U1.swift */ = {isa = PBXFileReference; lastKnownFileType = sourcecode.swift; path = U1.swift; sourceTree = "<group>"; };
		7853FD3C2C3D360600956529 /* Reviews.swift */ = {isa = PBXFileReference; lastKnownFileType = sourcecode.swift; path = Reviews.swift; sourceTree = "<group>"; };
		7853FD3E2C3D360B00956529 /* Not.swift */ = {isa = PBXFileReference; lastKnownFileType = sourcecode.swift; path = Not.swift; sourceTree = "<group>"; };
		7853FD402C3D361100956529 /* Launch Screen.storyboard */ = {isa = PBXFileReference; lastKnownFileType = file.storyboard; path = "Launch Screen.storyboard"; sourceTree = "<group>"; };
		7853FD422C3D361A00956529 /* CoreDataStack.swift */ = {isa = PBXFileReference; lastKnownFileType = sourcecode.swift; path = CoreDataStack.swift; sourceTree = "<group>"; };
		7853FD442C3D362000956529 /* Array.swift */ = {isa = PBXFileReference; lastKnownFileType = sourcecode.swift; path = Array.swift; sourceTree = "<group>"; };
		7853FD472C3D362A00956529 /* CoreModel.xcdatamodel */ = {isa = PBXFileReference; lastKnownFileType = wrapper.xcdatamodel; path = CoreModel.xcdatamodel; sourceTree = "<group>"; };
		7853FD4D2C3D36B900956529 /* AchievementsView.swift */ = {isa = PBXFileReference; lastKnownFileType = sourcecode.swift; path = AchievementsView.swift; sourceTree = "<group>"; };
		7853FD4F2C3D36C500956529 /* CompetitionsView.swift */ = {isa = PBXFileReference; lastKnownFileType = sourcecode.swift; path = CompetitionsView.swift; sourceTree = "<group>"; };
		7853FD512C3D36DE00956529 /* ParticipantsView.swift */ = {isa = PBXFileReference; lastKnownFileType = sourcecode.swift; path = ParticipantsView.swift; sourceTree = "<group>"; };
		7853FD532C3D36EF00956529 /* SettingsView.swift */ = {isa = PBXFileReference; lastKnownFileType = sourcecode.swift; path = SettingsView.swift; sourceTree = "<group>"; };
		7853FD552C3D848900956529 /* AchievementsViewModel.swift */ = {isa = PBXFileReference; lastKnownFileType = sourcecode.swift; path = AchievementsViewModel.swift; sourceTree = "<group>"; };
		7853FD582C3D884000956529 /* AddAchievent.swift */ = {isa = PBXFileReference; lastKnownFileType = sourcecode.swift; path = AddAchievent.swift; sourceTree = "<group>"; };
		7853FD5A2C3D8F0700956529 /* CompetitionsViewModel.swift */ = {isa = PBXFileReference; lastKnownFileType = sourcecode.swift; path = CompetitionsViewModel.swift; sourceTree = "<group>"; };
		7853FD5E2C3D922E00956529 /* AddComp.swift */ = {isa = PBXFileReference; lastKnownFileType = sourcecode.swift; path = AddComp.swift; sourceTree = "<group>"; };
		7853FD622C3D9BC300956529 /* DateConvert.swift */ = {isa = PBXFileReference; lastKnownFileType = sourcecode.swift; path = DateConvert.swift; sourceTree = "<group>"; };
		7853FD642C3D9DAA00956529 /* ParticipantsViewModel.swift */ = {isa = PBXFileReference; lastKnownFileType = sourcecode.swift; path = ParticipantsViewModel.swift; sourceTree = "<group>"; };
		7853FD672C3D9F5800956529 /* AddPart.swift */ = {isa = PBXFileReference; lastKnownFileType = sourcecode.swift; path = AddPart.swift; sourceTree = "<group>"; };
/* End PBXFileReference section */

/* Begin PBXFrameworksBuildPhase section */
		7853FD112C3D324C00956529 /* Frameworks */ = {
			isa = PBXFrameworksBuildPhase;
			buildActionMask = 2147483647;
			files = (
			);
			runOnlyForDeploymentPostprocessing = 0;
		};
/* End PBXFrameworksBuildPhase section */

/* Begin PBXGroup section */
		7853FD0B2C3D324C00956529 = {
			isa = PBXGroup;
			children = (
				7853FD162C3D324C00956529 /* App587 */,
				7853FD152C3D324C00956529 /* Products */,
			);
			sourceTree = "<group>";
		};
		7853FD152C3D324C00956529 /* Products */ = {
			isa = PBXGroup;
			children = (
				7853FD142C3D324C00956529 /* App587.app */,
			);
			name = Products;
			sourceTree = "<group>";
		};
		7853FD162C3D324C00956529 /* App587 */ = {
			isa = PBXGroup;
			children = (
				7853FD262C3D359D00956529 /* AllFiles */,
				7853FD172C3D324C00956529 /* App587App.swift */,
				7853FD192C3D324C00956529 /* ContentView.swift */,
				7853FD1B2C3D324D00956529 /* Assets.xcassets */,
				7853FD1D2C3D324D00956529 /* App587.entitlements */,
				7853FD1E2C3D324D00956529 /* Preview Content */,
			);
			path = App587;
			sourceTree = "<group>";
		};
		7853FD1E2C3D324D00956529 /* Preview Content */ = {
			isa = PBXGroup;
			children = (
				7853FD1F2C3D324D00956529 /* Preview Assets.xcassets */,
			);
			path = "Preview Content";
			sourceTree = "<group>";
		};
		7853FD262C3D359D00956529 /* AllFiles */ = {
			isa = PBXGroup;
			children = (
				7853FD2B2C3D35C700956529 /* OB */,
				7853FD292C3D35B500956529 /* TabBar */,
				7853FD282C3D35AC00956529 /* Extensions */,
				7853FD272C3D35A700956529 /* Views */,
			);
			path = AllFiles;
			sourceTree = "<group>";
		};
		7853FD272C3D35A700956529 /* Views */ = {
			isa = PBXGroup;
			children = (
				7853FD4C2C3D367600956529 /* Settings */,
				7853FD4B2C3D366F00956529 /* Participants */,
				7853FD4A2C3D366300956529 /* Competitions */,
				7853FD492C3D365A00956529 /* Achievements */,
			);
			path = Views;
			sourceTree = "<group>";
		};
		7853FD282C3D35AC00956529 /* Extensions */ = {
			isa = PBXGroup;
			children = (
				7853FD422C3D361A00956529 /* CoreDataStack.swift */,
				7853FD442C3D362000956529 /* Array.swift */,
				7853FD462C3D362A00956529 /* CoreModel.xcdatamodeld */,
				7853FD622C3D9BC300956529 /* DateConvert.swift */,
			);
			path = Extensions;
			sourceTree = "<group>";
		};
		7853FD292C3D35B500956529 /* TabBar */ = {
			isa = PBXGroup;
			children = (
				7853FD302C3D35E200956529 /* TabBar.swift */,
			);
			path = TabBar;
			sourceTree = "<group>";
		};
		7853FD2B2C3D35C700956529 /* OB */ = {
			isa = PBXGroup;
			children = (
				7853FD2F2C3D35DA00956529 /* R */,
				7853FD2E2C3D35D500956529 /* U */,
				7853FD2D2C3D35D100956529 /* Loading */,
				7853FD2C2C3D35CC00956529 /* Launch */,
			);
			path = OB;
			sourceTree = "<group>";
		};
		7853FD2C2C3D35CC00956529 /* Launch */ = {
			isa = PBXGroup;
			children = (
				7853FD402C3D361100956529 /* Launch Screen.storyboard */,
			);
			path = Launch;
			sourceTree = "<group>";
		};
		7853FD2D2C3D35D100956529 /* Loading */ = {
			isa = PBXGroup;
			children = (
				7853FD322C3D35E900956529 /* LoadingView.swift */,
			);
			path = Loading;
			sourceTree = "<group>";
		};
		7853FD2E2C3D35D500956529 /* U */ = {
			isa = PBXGroup;
			children = (
				7853FD3A2C3D360100956529 /* U1.swift */,
				7853FD3C2C3D360600956529 /* Reviews.swift */,
				7853FD3E2C3D360B00956529 /* Not.swift */,
			);
			path = U;
			sourceTree = "<group>";
		};
		7853FD2F2C3D35DA00956529 /* R */ = {
			isa = PBXGroup;
			children = (
				7853FD342C3D35F200956529 /* R1.swift */,
				7853FD362C3D35F700956529 /* R2.swift */,
				7853FD382C3D35FC00956529 /* R3.swift */,
			);
			path = R;
			sourceTree = "<group>";
		};
		7853FD492C3D365A00956529 /* Achievements */ = {
			isa = PBXGroup;
			children = (
				7853FD572C3D883400956529 /* AddAchievent */,
				7853FD4D2C3D36B900956529 /* AchievementsView.swift */,
				7853FD552C3D848900956529 /* AchievementsViewModel.swift */,
			);
			path = Achievements;
			sourceTree = "<group>";
		};
		7853FD4A2C3D366300956529 /* Competitions */ = {
			isa = PBXGroup;
			children = (
				7853FD5D2C3D921900956529 /* AddComp */,
				7853FD4F2C3D36C500956529 /* CompetitionsView.swift */,
				7853FD5A2C3D8F0700956529 /* CompetitionsViewModel.swift */,
			);
			path = Competitions;
			sourceTree = "<group>";
		};
		7853FD4B2C3D366F00956529 /* Participants */ = {
			isa = PBXGroup;
			children = (
				7853FD662C3D9F4F00956529 /* AddPart */,
				7853FD512C3D36DE00956529 /* ParticipantsView.swift */,
				7853FD642C3D9DAA00956529 /* ParticipantsViewModel.swift */,
			);
			path = Participants;
			sourceTree = "<group>";
		};
		7853FD4C2C3D367600956529 /* Settings */ = {
			isa = PBXGroup;
			children = (
				7853FD532C3D36EF00956529 /* SettingsView.swift */,
			);
			path = Settings;
			sourceTree = "<group>";
		};
		7853FD572C3D883400956529 /* AddAchievent */ = {
			isa = PBXGroup;
			children = (
				7853FD582C3D884000956529 /* AddAchievent.swift */,
			);
			path = AddAchievent;
			sourceTree = "<group>";
		};
		7853FD5D2C3D921900956529 /* AddComp */ = {
			isa = PBXGroup;
			children = (
				7853FD5E2C3D922E00956529 /* AddComp.swift */,
			);
			path = AddComp;
			sourceTree = "<group>";
		};
		7853FD662C3D9F4F00956529 /* AddPart */ = {
			isa = PBXGroup;
			children = (
				7853FD672C3D9F5800956529 /* AddPart.swift */,
			);
			path = AddPart;
			sourceTree = "<group>";
		};
/* End PBXGroup section */

/* Begin PBXNativeTarget section */
		7853FD132C3D324C00956529 /* App587 */ = {
			isa = PBXNativeTarget;
			buildConfigurationList = 7853FD232C3D324D00956529 /* Build configuration list for PBXNativeTarget "App587" */;
			buildPhases = (
				7853FD102C3D324C00956529 /* Sources */,
				7853FD112C3D324C00956529 /* Frameworks */,
				7853FD122C3D324C00956529 /* Resources */,
			);
			buildRules = (
			);
			dependencies = (
			);
			name = App587;
			productName = App587;
			productReference = 7853FD142C3D324C00956529 /* App587.app */;
			productType = "com.apple.product-type.application";
		};
/* End PBXNativeTarget section */

/* Begin PBXProject section */
		7853FD0C2C3D324C00956529 /* Project object */ = {
			isa = PBXProject;
			attributes = {
				BuildIndependentTargetsInParallel = 1;
				LastSwiftUpdateCheck = 1540;
				LastUpgradeCheck = 1540;
				TargetAttributes = {
					7853FD132C3D324C00956529 = {
						CreatedOnToolsVersion = 15.4;
					};
				};
			};
			buildConfigurationList = 7853FD0F2C3D324C00956529 /* Build configuration list for PBXProject "App587" */;
			compatibilityVersion = "Xcode 14.0";
			developmentRegion = en;
			hasScannedForEncodings = 0;
			knownRegions = (
				en,
				Base,
			);
			mainGroup = 7853FD0B2C3D324C00956529;
			productRefGroup = 7853FD152C3D324C00956529 /* Products */;
			projectDirPath = "";
			projectRoot = "";
			targets = (
				7853FD132C3D324C00956529 /* App587 */,
			);
		};
/* End PBXProject section */

/* Begin PBXResourcesBuildPhase section */
		7853FD122C3D324C00956529 /* Resources */ = {
			isa = PBXResourcesBuildPhase;
			buildActionMask = 2147483647;
			files = (
				7853FD412C3D361100956529 /* Launch Screen.storyboard in Resources */,
				7853FD202C3D324D00956529 /* Preview Assets.xcassets in Resources */,
				7853FD1C2C3D324D00956529 /* Assets.xcassets in Resources */,
			);
			runOnlyForDeploymentPostprocessing = 0;
		};
/* End PBXResourcesBuildPhase section */

/* Begin PBXSourcesBuildPhase section */
		7853FD102C3D324C00956529 /* Sources */ = {
			isa = PBXSourcesBuildPhase;
			buildActionMask = 2147483647;
			files = (
				7853FD312C3D35E200956529 /* TabBar.swift in Sources */,
				7853FD3F2C3D360B00956529 /* Not.swift in Sources */,
				7853FD4E2C3D36B900956529 /* AchievementsView.swift in Sources */,
				7853FD3B2C3D360100956529 /* U1.swift in Sources */,
				7853FD332C3D35E900956529 /* LoadingView.swift in Sources */,
				7853FD5F2C3D922E00956529 /* AddComp.swift in Sources */,
				7853FD542C3D36EF00956529 /* SettingsView.swift in Sources */,
				7853FD1A2C3D324C00956529 /* ContentView.swift in Sources */,
				7853FD352C3D35F200956529 /* R1.swift in Sources */,
				7853FD432C3D361A00956529 /* CoreDataStack.swift in Sources */,
				7853FD392C3D35FC00956529 /* R3.swift in Sources */,
				7853FD632C3D9BC300956529 /* DateConvert.swift in Sources */,
				7853FD3D2C3D360600956529 /* Reviews.swift in Sources */,
				7853FD452C3D362000956529 /* Array.swift in Sources */,
				7853FD5B2C3D8F0700956529 /* CompetitionsViewModel.swift in Sources */,
				7853FD482C3D362A00956529 /* CoreModel.xcdatamodeld in Sources */,
				7853FD682C3D9F5800956529 /* AddPart.swift in Sources */,
				7853FD652C3D9DAA00956529 /* ParticipantsViewModel.swift in Sources */,
				7853FD502C3D36C500956529 /* CompetitionsView.swift in Sources */,
				7853FD592C3D884000956529 /* AddAchievent.swift in Sources */,
				7853FD562C3D848900956529 /* AchievementsViewModel.swift in Sources */,
				7853FD182C3D324C00956529 /* App587App.swift in Sources */,
				7853FD522C3D36DE00956529 /* ParticipantsView.swift in Sources */,
				7853FD372C3D35F700956529 /* R2.swift in Sources */,
			);
			runOnlyForDeploymentPostprocessing = 0;
		};
/* End PBXSourcesBuildPhase section */

/* Begin XCBuildConfiguration section */
		7853FD212C3D324D00956529 /* Debug */ = {
			isa = XCBuildConfiguration;
			buildSettings = {
				ALWAYS_SEARCH_USER_PATHS = NO;
				ASSETCATALOG_COMPILER_GENERATE_SWIFT_ASSET_SYMBOL_EXTENSIONS = YES;
				CLANG_ANALYZER_NONNULL = YES;
				CLANG_ANALYZER_NUMBER_OBJECT_CONVERSION = YES_AGGRESSIVE;
				CLANG_CXX_LANGUAGE_STANDARD = "gnu++20";
				CLANG_ENABLE_MODULES = YES;
				CLANG_ENABLE_OBJC_ARC = YES;
				CLANG_ENABLE_OBJC_WEAK = YES;
				CLANG_WARN_BLOCK_CAPTURE_AUTORELEASING = YES;
				CLANG_WARN_BOOL_CONVERSION = YES;
				CLANG_WARN_COMMA = YES;
				CLANG_WARN_CONSTANT_CONVERSION = YES;
				CLANG_WARN_DEPRECATED_OBJC_IMPLEMENTATIONS = YES;
				CLANG_WARN_DIRECT_OBJC_ISA_USAGE = YES_ERROR;
				CLANG_WARN_DOCUMENTATION_COMMENTS = YES;
				CLANG_WARN_EMPTY_BODY = YES;
				CLANG_WARN_ENUM_CONVERSION = YES;
				CLANG_WARN_INFINITE_RECURSION = YES;
				CLANG_WARN_INT_CONVERSION = YES;
				CLANG_WARN_NON_LITERAL_NULL_CONVERSION = YES;
				CLANG_WARN_OBJC_IMPLICIT_RETAIN_SELF = YES;
				CLANG_WARN_OBJC_LITERAL_CONVERSION = YES;
				CLANG_WARN_OBJC_ROOT_CLASS = YES_ERROR;
				CLANG_WARN_QUOTED_INCLUDE_IN_FRAMEWORK_HEADER = YES;
				CLANG_WARN_RANGE_LOOP_ANALYSIS = YES;
				CLANG_WARN_STRICT_PROTOTYPES = YES;
				CLANG_WARN_SUSPICIOUS_MOVE = YES;
				CLANG_WARN_UNGUARDED_AVAILABILITY = YES_AGGRESSIVE;
				CLANG_WARN_UNREACHABLE_CODE = YES;
				CLANG_WARN__DUPLICATE_METHOD_MATCH = YES;
				COPY_PHASE_STRIP = NO;
				DEBUG_INFORMATION_FORMAT = dwarf;
				ENABLE_STRICT_OBJC_MSGSEND = YES;
				ENABLE_TESTABILITY = YES;
				ENABLE_USER_SCRIPT_SANDBOXING = YES;
				GCC_C_LANGUAGE_STANDARD = gnu17;
				GCC_DYNAMIC_NO_PIC = NO;
				GCC_NO_COMMON_BLOCKS = YES;
				GCC_OPTIMIZATION_LEVEL = 0;
				GCC_PREPROCESSOR_DEFINITIONS = (
					"DEBUG=1",
					"$(inherited)",
				);
				GCC_WARN_64_TO_32_BIT_CONVERSION = YES;
				GCC_WARN_ABOUT_RETURN_TYPE = YES_ERROR;
				GCC_WARN_UNDECLARED_SELECTOR = YES;
				GCC_WARN_UNINITIALIZED_AUTOS = YES_AGGRESSIVE;
				GCC_WARN_UNUSED_FUNCTION = YES;
				GCC_WARN_UNUSED_VARIABLE = YES;
				LOCALIZATION_PREFERS_STRING_CATALOGS = YES;
				MTL_ENABLE_DEBUG_INFO = INCLUDE_SOURCE;
				MTL_FAST_MATH = YES;
				ONLY_ACTIVE_ARCH = YES;
				SWIFT_ACTIVE_COMPILATION_CONDITIONS = "DEBUG $(inherited)";
				SWIFT_OPTIMIZATION_LEVEL = "-Onone";
			};
			name = Debug;
		};
		7853FD222C3D324D00956529 /* Release */ = {
			isa = XCBuildConfiguration;
			buildSettings = {
				ALWAYS_SEARCH_USER_PATHS = NO;
				ASSETCATALOG_COMPILER_GENERATE_SWIFT_ASSET_SYMBOL_EXTENSIONS = YES;
				CLANG_ANALYZER_NONNULL = YES;
				CLANG_ANALYZER_NUMBER_OBJECT_CONVERSION = YES_AGGRESSIVE;
				CLANG_CXX_LANGUAGE_STANDARD = "gnu++20";
				CLANG_ENABLE_MODULES = YES;
				CLANG_ENABLE_OBJC_ARC = YES;
				CLANG_ENABLE_OBJC_WEAK = YES;
				CLANG_WARN_BLOCK_CAPTURE_AUTORELEASING = YES;
				CLANG_WARN_BOOL_CONVERSION = YES;
				CLANG_WARN_COMMA = YES;
				CLANG_WARN_CONSTANT_CONVERSION = YES;
				CLANG_WARN_DEPRECATED_OBJC_IMPLEMENTATIONS = YES;
				CLANG_WARN_DIRECT_OBJC_ISA_USAGE = YES_ERROR;
				CLANG_WARN_DOCUMENTATION_COMMENTS = YES;
				CLANG_WARN_EMPTY_BODY = YES;
				CLANG_WARN_ENUM_CONVERSION = YES;
				CLANG_WARN_INFINITE_RECURSION = YES;
				CLANG_WARN_INT_CONVERSION = YES;
				CLANG_WARN_NON_LITERAL_NULL_CONVERSION = YES;
				CLANG_WARN_OBJC_IMPLICIT_RETAIN_SELF = YES;
				CLANG_WARN_OBJC_LITERAL_CONVERSION = YES;
				CLANG_WARN_OBJC_ROOT_CLASS = YES_ERROR;
				CLANG_WARN_QUOTED_INCLUDE_IN_FRAMEWORK_HEADER = YES;
				CLANG_WARN_RANGE_LOOP_ANALYSIS = YES;
				CLANG_WARN_STRICT_PROTOTYPES = YES;
				CLANG_WARN_SUSPICIOUS_MOVE = YES;
				CLANG_WARN_UNGUARDED_AVAILABILITY = YES_AGGRESSIVE;
				CLANG_WARN_UNREACHABLE_CODE = YES;
				CLANG_WARN__DUPLICATE_METHOD_MATCH = YES;
				COPY_PHASE_STRIP = NO;
				DEBUG_INFORMATION_FORMAT = "dwarf-with-dsym";
				ENABLE_NS_ASSERTIONS = NO;
				ENABLE_STRICT_OBJC_MSGSEND = YES;
				ENABLE_USER_SCRIPT_SANDBOXING = YES;
				GCC_C_LANGUAGE_STANDARD = gnu17;
				GCC_NO_COMMON_BLOCKS = YES;
				GCC_WARN_64_TO_32_BIT_CONVERSION = YES;
				GCC_WARN_ABOUT_RETURN_TYPE = YES_ERROR;
				GCC_WARN_UNDECLARED_SELECTOR = YES;
				GCC_WARN_UNINITIALIZED_AUTOS = YES_AGGRESSIVE;
				GCC_WARN_UNUSED_FUNCTION = YES;
				GCC_WARN_UNUSED_VARIABLE = YES;
				LOCALIZATION_PREFERS_STRING_CATALOGS = YES;
				MTL_ENABLE_DEBUG_INFO = NO;
				MTL_FAST_MATH = YES;
				SWIFT_COMPILATION_MODE = wholemodule;
			};
			name = Release;
		};
		7853FD242C3D324D00956529 /* Debug */ = {
			isa = XCBuildConfiguration;
			buildSettings = {
				ASSETCATALOG_COMPILER_APPICON_NAME = AppIcon;
				ASSETCATALOG_COMPILER_GLOBAL_ACCENT_COLOR_NAME = AccentColor;
				CODE_SIGN_ENTITLEMENTS = App587/App587.entitlements;
				CODE_SIGN_STYLE = Automatic;
				CURRENT_PROJECT_VERSION = 1;
				DEVELOPMENT_ASSET_PATHS = "\"App587/Preview Content\"";
				ENABLE_PREVIEWS = YES;
				GENERATE_INFOPLIST_FILE = YES;
				INFOPLIST_KEY_CFBundleDisplayName = "Race Tracker";
				"INFOPLIST_KEY_UIApplicationSceneManifest_Generation[sdk=iphoneos*]" = YES;
				"INFOPLIST_KEY_UIApplicationSceneManifest_Generation[sdk=iphonesimulator*]" = YES;
				"INFOPLIST_KEY_UIApplicationSupportsIndirectInputEvents[sdk=iphoneos*]" = YES;
				"INFOPLIST_KEY_UIApplicationSupportsIndirectInputEvents[sdk=iphonesimulator*]" = YES;
				"INFOPLIST_KEY_UILaunchScreen_Generation[sdk=iphoneos*]" = YES;
				"INFOPLIST_KEY_UILaunchScreen_Generation[sdk=iphonesimulator*]" = YES;
				INFOPLIST_KEY_UILaunchStoryboardName = "Launch Screen.storyboard";
				"INFOPLIST_KEY_UIStatusBarStyle[sdk=iphoneos*]" = UIStatusBarStyleDefault;
				"INFOPLIST_KEY_UIStatusBarStyle[sdk=iphonesimulator*]" = UIStatusBarStyleDefault;
				INFOPLIST_KEY_UISupportedInterfaceOrientations = UIInterfaceOrientationPortrait;
				INFOPLIST_KEY_UISupportedInterfaceOrientations_iPad = "UIInterfaceOrientationLandscapeLeft UIInterfaceOrientationLandscapeRight UIInterfaceOrientationPortrait UIInterfaceOrientationPortraitUpsideDown";
				IPHONEOS_DEPLOYMENT_TARGET = 14.0;
				LD_RUNPATH_SEARCH_PATHS = "@executable_path/Frameworks";
				"LD_RUNPATH_SEARCH_PATHS[sdk=macosx*]" = "@executable_path/../Frameworks";
				MACOSX_DEPLOYMENT_TARGET = 14.1;
				MARKETING_VERSION = 1.0;
				PRODUCT_BUNDLE_IDENTIFIER = IOI.App587;
				PRODUCT_NAME = "$(TARGET_NAME)";
				SDKROOT = auto;
				SUPPORTED_PLATFORMS = "iphoneos iphonesimulator";
				SUPPORTS_MACCATALYST = NO;
				SWIFT_EMIT_LOC_STRINGS = YES;
				SWIFT_VERSION = 5.0;
				TARGETED_DEVICE_FAMILY = 1;
			};
			name = Debug;
		};
		7853FD252C3D324D00956529 /* Release */ = {
			isa = XCBuildConfiguration;
			buildSettings = {
				ASSETCATALOG_COMPILER_APPICON_NAME = AppIcon;
				ASSETCATALOG_COMPILER_GLOBAL_ACCENT_COLOR_NAME = AccentColor;
				CODE_SIGN_ENTITLEMENTS = App587/App587.entitlements;
				CODE_SIGN_STYLE = Automatic;
				CURRENT_PROJECT_VERSION = 1;
				DEVELOPMENT_ASSET_PATHS = "\"App587/Preview Content\"";
				ENABLE_PREVIEWS = YES;
				GENERATE_INFOPLIST_FILE = YES;
				INFOPLIST_KEY_CFBundleDisplayName = "Race Tracker";
				"INFOPLIST_KEY_UIApplicationSceneManifest_Generation[sdk=iphoneos*]" = YES;
				"INFOPLIST_KEY_UIApplicationSceneManifest_Generation[sdk=iphonesimulator*]" = YES;
				"INFOPLIST_KEY_UIApplicationSupportsIndirectInputEvents[sdk=iphoneos*]" = YES;
				"INFOPLIST_KEY_UIApplicationSupportsIndirectInputEvents[sdk=iphonesimulator*]" = YES;
				"INFOPLIST_KEY_UILaunchScreen_Generation[sdk=iphoneos*]" = YES;
				"INFOPLIST_KEY_UILaunchScreen_Generation[sdk=iphonesimulator*]" = YES;
				INFOPLIST_KEY_UILaunchStoryboardName = "Launch Screen.storyboard";
				"INFOPLIST_KEY_UIStatusBarStyle[sdk=iphoneos*]" = UIStatusBarStyleDefault;
				"INFOPLIST_KEY_UIStatusBarStyle[sdk=iphonesimulator*]" = UIStatusBarStyleDefault;
				INFOPLIST_KEY_UISupportedInterfaceOrientations = UIInterfaceOrientationPortrait;
				INFOPLIST_KEY_UISupportedInterfaceOrientations_iPad = "UIInterfaceOrientationLandscapeLeft UIInterfaceOrientationLandscapeRight UIInterfaceOrientationPortrait UIInterfaceOrientationPortraitUpsideDown";
				IPHONEOS_DEPLOYMENT_TARGET = 14.0;
				LD_RUNPATH_SEARCH_PATHS = "@executable_path/Frameworks";
				"LD_RUNPATH_SEARCH_PATHS[sdk=macosx*]" = "@executable_path/../Frameworks";
				MACOSX_DEPLOYMENT_TARGET = 14.1;
				MARKETING_VERSION = 1.0;
				PRODUCT_BUNDLE_IDENTIFIER = IOI.App587;
				PRODUCT_NAME = "$(TARGET_NAME)";
				SDKROOT = auto;
				SUPPORTED_PLATFORMS = "iphoneos iphonesimulator";
				SUPPORTS_MACCATALYST = NO;
				SWIFT_EMIT_LOC_STRINGS = YES;
				SWIFT_VERSION = 5.0;
				TARGETED_DEVICE_FAMILY = 1;
			};
			name = Release;
		};
/* End XCBuildConfiguration section */

/* Begin XCConfigurationList section */
		7853FD0F2C3D324C00956529 /* Build configuration list for PBXProject "App587" */ = {
			isa = XCConfigurationList;
			buildConfigurations = (
				7853FD212C3D324D00956529 /* Debug */,
				7853FD222C3D324D00956529 /* Release */,
			);
			defaultConfigurationIsVisible = 0;
			defaultConfigurationName = Release;
		};
		7853FD232C3D324D00956529 /* Build configuration list for PBXNativeTarget "App587" */ = {
			isa = XCConfigurationList;
			buildConfigurations = (
				7853FD242C3D324D00956529 /* Debug */,
				7853FD252C3D324D00956529 /* Release */,
			);
			defaultConfigurationIsVisible = 0;
			defaultConfigurationName = Release;
		};
/* End XCConfigurationList section */

/* Begin XCVersionGroup section */
		7853FD462C3D362A00956529 /* CoreModel.xcdatamodeld */ = {
			isa = XCVersionGroup;
			children = (
				7853FD472C3D362A00956529 /* CoreModel.xcdatamodel */,
			);
			currentVersion = 7853FD472C3D362A00956529 /* CoreModel.xcdatamodel */;
			name = CoreModel.xcdatamodeld;
			path = /Users/igor/Documents/Applications/App587/App587/AllFiles/Extensions/CoreModel.xcdatamodeld;
			sourceTree = "<group>";
			versionGroupType = wrapper.xcdatamodel;
		};
/* End XCVersionGroup section */
	};
	rootObject = 7853FD0C2C3D324C00956529 /* Project object */;
}
